
Microsoft Visual Studio Solution File, Format Version 12.00
# Visual Studio 14
VisualStudioVersion = 14.0.25420.1
MinimumVisualStudioVersion = 10.0.40219.1
Project("{FAE04EC0-301F-11D3-BF4B-00C04F79EFBC}") = "1109-Wallin-Azure-Test-3", "1109-Wallin-Azure-Test-3\1109-Wallin-Azure-Test-3.csproj", "{F91EF7FA-B246-4A13-915B-BC92CF0A1FAF}"
EndProject
Global
	GlobalSection(SolutionConfigurationPlatforms) = preSolution
		Debug|Any CPU = Debug|Any CPU
		Release|Any CPU = Release|Any CPU
	EndGlobalSection
	GlobalSection(ProjectConfigurationPlatforms) = postSolution
		{F91EF7FA-B246-4A13-915B-BC92CF0A1FAF}.Debug|Any CPU.ActiveCfg = Debug|Any CPU
		{F91EF7FA-B246-4A13-915B-BC92CF0A1FAF}.Debug|Any CPU.Build.0 = Debug|Any CPU
		{F91EF7FA-B246-4A13-915B-BC92CF0A1FAF}.Release|Any CPU.ActiveCfg = Release|Any CPU
		{F91EF7FA-B246-4A13-915B-BC92CF0A1FAF}.Release|Any CPU.Build.0 = Release|Any CPU
	EndGlobalSection
	GlobalSection(SolutionProperties) = preSolution
		HideSolutionNode = FALSE
	EndGlobalSection
EndGlobal
